{
  "executable_package": "qbittorrent",
  "manifest_hash": "0910cd396b8ded825aedaad9c30d9c3c81cbc00535a8edd8f1b9f14c74ac5fb3",
  "packages": {
    "boost": {
      "url": "https://github.com/boostorg/boost/releases/download/boost-1.86.0/boost-1.86.0-cmake.tar.gz",
      "version": "1.86.0"
    },
    "brotli": {
      "url": "https://github.com/google/brotli/archive/refs/tags/v1.2.0.tar.gz",
      "version": "1.2.0"
    },
    "cares": {
      "url": "https://github.com/c-ares/c-ares/archive/refs/tags/v1.34.6.tar.gz",
      "version": "1.34.6"
    },
    "curl": {
      "url": "https://github.com/curl/curl/archive/refs/tags/curl-8_20_0.tar.gz",
      "version": "8.20.0"
    },
    "libidn2": {
      "url": "https://ftp.gnu.org/gnu/libidn/libidn2-2.3.8.tar.gz",
      "version": "2.3.8"
    },
    "libtorrent-rasterbar": {
      "cxx_std": "c++14",
      "url": "https://github.com/arvidn/libtorrent/archive/refs/tags/v1.2.20.tar.gz",
      "version": "1.2.20"
    },
    "libunistring": {
      "url": "https://ftp.gnu.org/gnu/libunistring/libunistring-1.4.tar.gz",
      "version": "1.4"
    },
    "nghttp2": {
      "url": "https://github.com/nghttp2/nghttp2/archive/refs/tags/v1.69.0.tar.gz",
      "version": "1.69.0"
    },
    "openssl": {
      "url": "https://github.com/openssl/openssl/archive/refs/tags/openssl-3.6.2.tar.gz",
      "version": "3.6.2"
    },
    "qbittorrent": {
      "cxx_std": "c++20",
      "url": "https://github.com/qbittorrent/qBittorrent/archive/refs/tags/release-5.1.4.tar.gz",
      "version": "5.1.4"
    },
    "qt": {
      "url": "https://download.qt.io/official_releases/qt/6.8/6.8.3/submodules/qtbase-everywhere-src-6.8.3.tar.xz",
      "version": "6.8.3"
    },
    "qttools": {
      "url": "https://download.qt.io/official_releases/qt/6.8/6.8.3/submodules/qttools-everywhere-src-6.8.3.tar.xz",
      "version": "6.8.3"
    },
    "zlib": {
      "url": "https://github.com/zlib-ng/zlib-ng/archive/refs/tags/2.3.3.tar.gz",
      "version": "2.3.3"
    },
    "zstd": {
      "url": "https://github.com/facebook/zstd/archive/refs/tags/v1.5.7.tar.gz",
      "version": "1.5.7"
    }
  },
  "target_glibc": "2.34",
  "toolchain": "default"
}
