{
  "executable_package": "qbittorrent",
  "manifest_hash": "55ae45be0e0386f50e17c40ef0d3d93ab435cbc24e4cb062904ba20a22b23b29",
  "packages": {
    "boost": {
      "src": {
        "integrity": "sha256:8a82bd11a720c70923806c36ee5c26dbd2d630c1eaa1d8fad9a7bd5529908a26",
        "url": "https://github.com/boostorg/boost/releases/download/boost-1.91.0-1/boost-1.91.0-1-cmake.tar.gz"
      },
      "version": "1.91.0"
    },
    "brotli": {
      "src": {
        "integrity": "sha256:816c96e8e8f193b40151dad7e8ff37b1221d019dbcb9c35cd3fadbfe6477dfec",
        "url": "https://github.com/google/brotli/archive/refs/tags/v1.2.0.tar.gz"
      },
      "version": "1.2.0"
    },
    "cares": {
      "src": {
        "integrity": "sha256:4358939ff800b13b92f37d5fdda003718101faedfbdee792d6b79ddc1a53d890",
        "url": "https://github.com/c-ares/c-ares/archive/refs/tags/v1.34.6.tar.gz"
      },
      "version": "1.34.6"
    },
    "curl": {
      "src": {
        "integrity": "sha256:ec753aa6f408a3ca9f0d6d5f7a77417aecd1544db13c03ae5d443612bf367364",
        "url": "https://github.com/curl/curl/archive/refs/tags/curl-8_21_0.tar.gz"
      },
      "version": "8.21.0"
    },
    "libtorrent-rasterbar": {
      "cxx_std": "c++17",
      "src": {
        "integrity": "sha256:892cb75c06318e2420de0faf9f63a908069d3d237676e2459fd30abe0cb3b1bf",
        "url": "https://github.com/arvidn/libtorrent/releases/download/v2.0.13/libtorrent-rasterbar-2.0.13.tar.gz"
      },
      "version": "2.0.13"
    },
    "nghttp2": {
      "src": {
        "integrity": "sha256:e5ebde703437d4a0bb39e0e2ba03dfda0ee74beba2395003ec71efaf8fb15d03",
        "url": "https://github.com/nghttp2/nghttp2/archive/refs/tags/v1.69.0.tar.gz"
      },
      "version": "1.69.0"
    },
    "openssl": {
      "src": {
        "integrity": "sha256:c5524dd6bfaa8e8ff0f1be885c390d14f3ff0bd2de62a7311b65fcbb75cb7546",
        "url": "https://github.com/openssl/openssl/archive/refs/tags/openssl-3.6.3.tar.gz"
      },
      "version": "3.6.3"
    },
    "qbittorrent": {
      "cxx_std": "c++20",
      "src": {
        "integrity": "sha256:177efdadcd66fa66c473e97ee8ed117ce33ccb9a0a25a0716b62245ce506d1d7",
        "url": "https://github.com/qbittorrent/qBittorrent/archive/refs/tags/release-5.2.2.tar.gz"
      },
      "version": "5.2.2"
    },
    "qtbase": {
      "src": {
        "integrity": "sha256:56001b905601bb9023d399f3ba780d7fa940f3e4861e496a7c490331f49e0b80",
        "url": "https://download.qt.io/official_releases/qt/6.8/6.8.3/submodules/qtbase-everywhere-src-6.8.3.tar.xz"
      },
      "version": "6.8.3"
    },
    "qttools": {
      "src": {
        "integrity": "sha256:02a4e219248b94f1333df843d25763f35251c1074cdc4fb5bda67d340f8c8b3a",
        "url": "https://download.qt.io/official_releases/qt/6.8/6.8.3/submodules/qttools-everywhere-src-6.8.3.tar.xz"
      },
      "version": "6.8.3"
    },
    "zlib": {
      "src": {
        "integrity": "sha256:f9c65aa9c852eb8255b636fd9f07ce1c406f061ec19a2e7d508b318ca0c907d1",
        "url": "https://github.com/zlib-ng/zlib-ng/archive/refs/tags/2.3.3.tar.gz"
      },
      "version": "2.3.3"
    },
    "zstd": {
      "src": {
        "integrity": "sha256:37d7284556b20954e56e1ca85b80226768902e2edabd3b649e9e72c0c9012ee3",
        "url": "https://github.com/facebook/zstd/archive/refs/tags/v1.5.7.tar.gz"
      },
      "version": "1.5.7"
    }
  },
  "target_glibc": "2.34",
  "toolchain": "default"
}
