{
  "executable_package": "qbittorrent",
  "manifest_hash": "f02d74eeb8f20a97109a31d20f9f5e8051a12f7dd07d4cbe820283072c513249",
  "packages": {
    "boost": {
      "src": {
        "integrity": "sha256:f51707c27359a0df0cac1beada86de31bb5eed5e8285592dadec384df99c2984",
        "url": "https://github.com/boostorg/boost/releases/download/boost-1.92.0/boost-1.92.0-cmake.tar.gz"
      },
      "version": "1.92.0"
    },
    "brotli": {
      "src": {
        "integrity": "sha256:816c96e8e8f193b40151dad7e8ff37b1221d019dbcb9c35cd3fadbfe6477dfec",
        "url": "https://github.com/google/brotli/archive/refs/tags/v1.2.0.tar.gz"
      },
      "version": "1.2.0"
    },
    "cares": {
      "src": {
        "integrity": "sha256:ddf8be8b179ef6ff656e7413da93cf0f3038c627aca29ce9aae30f66e5b32bc1",
        "url": "https://github.com/c-ares/c-ares/archive/refs/tags/v1.34.8.tar.gz"
      },
      "version": "1.34.8"
    },
    "curl": {
      "src": {
        "integrity": "sha256:222c6b5c1f368ac63aed59bce2774eb5def9e8e67e46e800be182e684d2845a3",
        "url": "https://github.com/curl/curl/archive/refs/tags/curl-8_22_0.tar.gz"
      },
      "version": "8.22.0"
    },
    "libtorrent-rasterbar": {
      "cxx_std": "c++17",
      "src": {
        "integrity": "sha256:5e2e79129823b7ea48721164c32b5aaf83d3fd733b5502100f6705b29f27bb02",
        "url": "https://github.com/arvidn/libtorrent/releases/download/v2.0.15/libtorrent-rasterbar-2.0.15.tar.gz"
      },
      "version": "2.0.15"
    },
    "nghttp2": {
      "src": {
        "integrity": "sha256:d38d641fb3877b4847c774ad88b5f3ab70daf1ae0e616079bbeec4691186fc6a",
        "url": "https://github.com/nghttp2/nghttp2/archive/refs/tags/v1.70.0.tar.gz"
      },
      "version": "1.70.0"
    },
    "openssl": {
      "src": {
        "integrity": "sha256:f3091b7ccb41a11d877b7406b7afc9dd9c5003d299c6bb33cff882127bc06c91",
        "url": "https://github.com/openssl/openssl/archive/refs/tags/openssl-3.6.5.tar.gz"
      },
      "version": "3.6.5"
    },
    "qbittorrent": {
      "cxx_std": "c++20",
      "src": {
        "integrity": "sha256:226a6ad1aa7810fcbfa58b0d28b14feb8e207726cbe774d4d267ce769c19dd6c",
        "url": "https://github.com/qbittorrent/qBittorrent/archive/refs/tags/release-5.2.4.tar.gz"
      },
      "version": "5.2.4"
    },
    "qtbase": {
      "src": {
        "integrity": "sha256:532dfbf3fa3cbc68fa37441ea9e81c5009da044eaecda78ffaeafd8bd125532f",
        "url": "https://download.qt.io/archive/qt/6.8/6.8.4/submodules/qtbase-everywhere-opensource-src-6.8.4.tar.xz"
      },
      "version": "6.8.4"
    },
    "qttools": {
      "src": {
        "integrity": "sha256:c6030ea66d7be1ca7e3b40578beb35b0f4ff4014277d8e051d3219759f6ab399",
        "url": "https://download.qt.io/archive/qt/6.8/6.8.4/submodules/qttools-everywhere-opensource-src-6.8.4.tar.xz"
      },
      "version": "6.8.4"
    },
    "zlib": {
      "src": {
        "integrity": "sha256:f9c65aa9c852eb8255b636fd9f07ce1c406f061ec19a2e7d508b318ca0c907d1",
        "url": "https://github.com/zlib-ng/zlib-ng/archive/refs/tags/2.3.3.tar.gz"
      },
      "version": "2.3.3"
    },
    "zstd": {
      "src": {
        "integrity": "sha256:37d7284556b20954e56e1ca85b80226768902e2edabd3b649e9e72c0c9012ee3",
        "url": "https://github.com/facebook/zstd/archive/refs/tags/v1.5.7.tar.gz"
      },
      "version": "1.5.7"
    }
  },
  "target_glibc": "2.34",
  "toolchain": "default"
}
