{
  "executable_package": "qbittorrent",
  "manifest_hash": "706fb1700745a7d3cd871ef1d320b08e2c22ec39d3e286a00c79e5a81c91941b",
  "packages": {
    "boost": {
      "features": [],
      "url": "https://github.com/boostorg/boost/releases/download/boost-1.91.0-1/boost-1.91.0-1-cmake.tar.gz",
      "version": "1.91.0"
    },
    "brotli": {
      "features": [],
      "url": "https://github.com/google/brotli/archive/refs/tags/v1.2.0.tar.gz",
      "version": "1.2.0"
    },
    "cares": {
      "features": [],
      "url": "https://github.com/c-ares/c-ares/archive/refs/tags/v1.34.6.tar.gz",
      "version": "1.34.6"
    },
    "curl": {
      "features": [],
      "url": "https://github.com/curl/curl/archive/refs/tags/curl-8_20_0.tar.gz",
      "version": "8.20.0"
    },
    "libtorrent-rasterbar": {
      "cxx_std": "c++17",
      "features": [],
      "url": "https://github.com/arvidn/libtorrent/releases/download/v2.0.13/libtorrent-rasterbar-2.0.13.tar.gz",
      "version": "2.0.13"
    },
    "nghttp2": {
      "features": [],
      "url": "https://github.com/nghttp2/nghttp2/archive/refs/tags/v1.69.0.tar.gz",
      "version": "1.69.0"
    },
    "openssl": {
      "features": [],
      "url": "https://github.com/openssl/openssl/archive/refs/tags/openssl-3.6.3.tar.gz",
      "version": "3.6.3"
    },
    "qbittorrent": {
      "cxx_std": "c++20",
      "features": [],
      "url": "https://github.com/qbittorrent/qBittorrent/archive/refs/tags/release-5.1.4.tar.gz",
      "version": "5.1.4"
    },
    "qtbase": {
      "features": [],
      "url": "https://download.qt.io/official_releases/qt/6.8/6.8.3/submodules/qtbase-everywhere-src-6.8.3.tar.xz",
      "version": "6.8.3"
    },
    "qttools": {
      "features": [],
      "url": "https://download.qt.io/official_releases/qt/6.8/6.8.3/submodules/qttools-everywhere-src-6.8.3.tar.xz",
      "version": "6.8.3"
    },
    "zlib": {
      "features": [],
      "url": "https://github.com/zlib-ng/zlib-ng/archive/refs/tags/2.3.3.tar.gz",
      "version": "2.3.3"
    },
    "zstd": {
      "features": [],
      "url": "https://github.com/facebook/zstd/archive/refs/tags/v1.5.7.tar.gz",
      "version": "1.5.7"
    }
  },
  "target_glibc": "2.34",
  "toolchain": "default"
}
