{
  "executable_package": "rtorrent-meson",
  "manifest_hash": "d89bced8d3218ebcb2fc5817a26755fc78605b92fb63fde06eebda957b48c14c",
  "packages": {
    "brotli": {
      "url": "https://github.com/google/brotli/archive/refs/tags/v1.2.0.tar.gz",
      "version": "1.2.0"
    },
    "cares": {
      "url": "https://github.com/c-ares/c-ares/archive/refs/tags/v1.34.6.tar.gz",
      "version": "1.34.6"
    },
    "curl": {
      "url": "https://github.com/curl/curl/archive/refs/tags/curl-8_20_0.tar.gz",
      "version": "8.20.0"
    },
    "libidn2": {
      "url": "https://ftp.gnu.org/gnu/libidn/libidn2-2.3.8.tar.gz",
      "version": "2.3.8"
    },
    "libunistring": {
      "url": "https://ftp.gnu.org/gnu/libunistring/libunistring-1.4.tar.gz",
      "version": "1.4"
    },
    "luajit": {
      "url": "https://github.com/LuaJIT/LuaJIT/archive/refs/tags/v2.0.5.tar.gz",
      "version": "2.0.5"
    },
    "nghttp2": {
      "url": "https://github.com/nghttp2/nghttp2/archive/refs/tags/v1.69.0.tar.gz",
      "version": "1.69.0"
    },
    "openssl": {
      "url": "https://github.com/openssl/openssl/archive/refs/tags/openssl-3.6.3.tar.gz",
      "version": "3.6.3"
    },
    "rtorrent-meson": {
      "requires": [
        "openssl",
        "zlib",
        "curl",
        "luajit"
      ],
      "src": {
        "sha": "62803a15231ec1f664e85b0209afd8b45be0986c",
        "url": "https://github.com/trim21/rtorrent.git"
      },
      "version": "62803a15231e"
    },
    "zlib": {
      "url": "https://github.com/zlib-ng/zlib-ng/archive/refs/tags/2.3.3.tar.gz",
      "version": "2.3.3"
    },
    "zstd": {
      "url": "https://github.com/facebook/zstd/archive/refs/tags/v1.5.7.tar.gz",
      "version": "1.5.7"
    }
  },
  "target_glibc": "2.28",
  "toolchain": "default"
}
