{
  "executable_package": "rtorrent",
  "manifest_hash": "3676f95c91f166360f9dd6d2aab1061fc7f72d714b4c459ffcb8f06b3eeef329",
  "packages": {
    "brotli": {
      "url": "https://github.com/google/brotli/archive/refs/tags/v1.2.0.tar.gz",
      "version": "1.2.0"
    },
    "cares": {
      "url": "https://github.com/c-ares/c-ares/archive/refs/tags/v1.34.6.tar.gz",
      "version": "1.34.6"
    },
    "curl": {
      "url": "https://github.com/curl/curl/archive/refs/tags/curl-8_20_0.tar.gz",
      "version": "8.20.0"
    },
    "libidn2": {
      "url": "https://ftp.gnu.org/gnu/libidn/libidn2-2.3.8.tar.gz",
      "version": "2.3.8"
    },
    "libunistring": {
      "url": "https://ftp.gnu.org/gnu/libunistring/libunistring-1.4.tar.gz",
      "version": "1.4"
    },
    "lua": {
      "url": "https://www.lua.org/ftp/lua-5.4.8.tar.gz",
      "version": "5.4.8"
    },
    "nghttp2": {
      "url": "https://github.com/nghttp2/nghttp2/archive/refs/tags/v1.69.0.tar.gz",
      "version": "1.69.0"
    },
    "openssl": {
      "url": "https://github.com/openssl/openssl/archive/refs/tags/openssl-3.6.3.tar.gz",
      "version": "3.6.3"
    },
    "rtorrent": {
      "requires": [
        "rtorrent-libtorrent",
        "lua"
      ],
      "src": {
        "sha": "dbe7997131bd7a2eece8003e7c27c204607eb3a9",
        "url": "https://github.com/rakshasa/rtorrent.git"
      },
      "version": "dbe7997131bd"
    },
    "rtorrent-libtorrent": {
      "requires": [
        "openssl",
        "zlib",
        "curl"
      ],
      "src": {
        "sha": "a771b51c6e2fb994f661ae23210763ffad1cefb2",
        "url": "https://github.com/rakshasa/libtorrent.git"
      },
      "version": "a771b51c6e2f"
    },
    "zlib": {
      "url": "https://github.com/zlib-ng/zlib-ng/archive/refs/tags/2.3.3.tar.gz",
      "version": "2.3.3"
    },
    "zstd": {
      "url": "https://github.com/facebook/zstd/archive/refs/tags/v1.5.7.tar.gz",
      "version": "1.5.7"
    }
  },
  "target_glibc": "2.28",
  "toolchain": "default"
}
