{
  "executable_package": "rtorrent",
  "manifest_hash": "83076997970374201866a6f6fa974e0d38d06ad0f686e3cc2a804b07fb0abe01",
  "packages": {
    "brotli": {
      "src": {
        "integrity": "sha256:816c96e8e8f193b40151dad7e8ff37b1221d019dbcb9c35cd3fadbfe6477dfec",
        "url": "https://github.com/google/brotli/archive/refs/tags/v1.2.0.tar.gz"
      },
      "version": "1.2.0"
    },
    "cares": {
      "src": {
        "integrity": "sha256:ddf8be8b179ef6ff656e7413da93cf0f3038c627aca29ce9aae30f66e5b32bc1",
        "url": "https://github.com/c-ares/c-ares/archive/refs/tags/v1.34.8.tar.gz"
      },
      "version": "1.34.8"
    },
    "curl": {
      "features": [
        "idn2"
      ],
      "src": {
        "integrity": "sha256:ec753aa6f408a3ca9f0d6d5f7a77417aecd1544db13c03ae5d443612bf367364",
        "url": "https://github.com/curl/curl/archive/refs/tags/curl-8_21_0.tar.gz"
      },
      "version": "8.21.0"
    },
    "libidn2": {
      "src": {
        "integrity": "sha256:f557911bf6171621e1f72ff35f5b1825bb35b52ed45325dcdee931e5d3c0787a",
        "url": "https://ftp.gnu.org/gnu/libidn/libidn2-2.3.8.tar.gz"
      },
      "version": "2.3.8"
    },
    "libunistring": {
      "src": {
        "integrity": "sha256:f7e39ddeca18858ecdd02c60d1d5374fcdcbbcdb6b68a391f8497cb1cb2cf3f7",
        "url": "https://ftp.gnu.org/gnu/libunistring/libunistring-1.4.tar.gz"
      },
      "version": "1.4"
    },
    "lua": {
      "src": {
        "integrity": "sha256:4f18ddae154e793e46eeab727c59ef1c0c0c2b744e7b94219710d76f530629ae",
        "url": "https://www.lua.org/ftp/lua-5.4.8.tar.gz"
      },
      "version": "5.4.8"
    },
    "nghttp2": {
      "src": {
        "integrity": "sha256:e5ebde703437d4a0bb39e0e2ba03dfda0ee74beba2395003ec71efaf8fb15d03",
        "url": "https://github.com/nghttp2/nghttp2/archive/refs/tags/v1.69.0.tar.gz"
      },
      "version": "1.69.0"
    },
    "openssl": {
      "src": {
        "integrity": "sha256:d8dee4712f66b113ab2060ca693febcfbf81edb08c323c1a87e7526364d0fef8",
        "url": "https://github.com/openssl/openssl/archive/refs/tags/openssl-4.0.1.tar.gz"
      },
      "version": "4.0.1"
    },
    "rtorrent": {
      "requires": [
        "rtorrent-libtorrent",
        "lua"
      ],
      "src": {
        "sha": "86fa0d195f8fc531db8884b18855c58b4ccfef7c",
        "url": "https://github.com/rakshasa/rtorrent.git"
      },
      "version": "86fa0d195f8f"
    },
    "rtorrent-libtorrent": {
      "requires": [
        "openssl",
        "zlib",
        "curl"
      ],
      "src": {
        "sha": "4f3a7f63dcb4286c0ad5bc61f74874271e3a67a6",
        "url": "https://github.com/rakshasa/libtorrent.git"
      },
      "version": "4f3a7f63dcb4"
    },
    "zlib": {
      "src": {
        "integrity": "sha256:f9c65aa9c852eb8255b636fd9f07ce1c406f061ec19a2e7d508b318ca0c907d1",
        "url": "https://github.com/zlib-ng/zlib-ng/archive/refs/tags/2.3.3.tar.gz"
      },
      "version": "2.3.3"
    },
    "zstd": {
      "src": {
        "integrity": "sha256:37d7284556b20954e56e1ca85b80226768902e2edabd3b649e9e72c0c9012ee3",
        "url": "https://github.com/facebook/zstd/archive/refs/tags/v1.5.7.tar.gz"
      },
      "version": "1.5.7"
    }
  },
  "target_glibc": "2.34",
  "toolchain": "default"
}
