{
  "manifest_hash": "7a4a085167497e71b4bf405deea5b08b22a056b20382c110607d8a4d5bc09b1b",
  "packages": {
    "brotli": {
      "source": {
        "url": {
          "url": "https://github.com/google/brotli/archive/refs/tags/v1.2.0.tar.gz"
        }
      },
      "version": "1.2.0"
    },
    "cares": {
      "source": {
        "url": {
          "url": "https://github.com/c-ares/c-ares/releases/download/v1.34.6/c-ares-1.34.6.tar.gz"
        }
      },
      "version": "1.34.6"
    },
    "curl": {
      "source": {
        "url": {
          "url": "https://github.com/curl/curl/releases/download/curl-8_20_0/curl-8.20.0.tar.gz"
        }
      },
      "version": "8.20.0"
    },
    "lua": {
      "source": {
        "url": {
          "url": "https://www.lua.org/ftp/lua-5.4.8.tar.gz"
        }
      },
      "version": "5.4.8"
    },
    "ncurses": {
      "source": {
        "url": {
          "url": "https://ftp.gnu.org/pub/gnu/ncurses/ncurses-6.6.tar.gz"
        }
      },
      "version": "6.6"
    },
    "openssl": {
      "source": {
        "url": {
          "url": "https://github.com/openssl/openssl/releases/download/openssl-3.6.2/openssl-3.6.2.tar.gz"
        }
      },
      "version": "3.6.2"
    },
    "rtorrent": {
      "source": {
        "url": {
          "url": "https://github.com/rakshasa/rtorrent/archive/880510073ae142706aeb778e883f86789b425ae3.tar.gz"
        }
      },
      "version": "880510073ae1"
    },
    "rtorrent-libtorrent": {
      "source": {
        "url": {
          "url": "https://github.com/rakshasa/libtorrent/archive/effbe17318f55c78f4c1f1c60b18c5822c7d20b2.tar.gz"
        }
      },
      "version": "effbe17318f5"
    },
    "zlib": {
      "source": {
        "url": {
          "url": "https://github.com/zlib-ng/zlib-ng/archive/refs/tags/2.3.3.tar.gz"
        }
      },
      "version": "2.3.3"
    },
    "zstd": {
      "source": {
        "url": {
          "url": "https://github.com/facebook/zstd/releases/download/v1.5.7/zstd-1.5.7.tar.gz"
        }
      },
      "version": "1.5.7"
    }
  },
  "target_glibc": "2.28",
  "toolchain": "default"
}
