{
  "executable_package": "rtorrent",
  "manifest_hash": "fae4bdba72ef4877711b5107852617744c9f2502f7b8ae545a54ac0a8ef1664c",
  "packages": {
    "lua": {
      "url": "https://www.lua.org/ftp/lua-5.4.8.tar.gz",
      "version": "5.4.8"
    },
    "openssl": {
      "url": "https://github.com/openssl/openssl/archive/refs/tags/openssl-3.6.2.tar.gz",
      "version": "3.6.2"
    },
    "rtorrent": {
      "requires": [
        "rtorrent-libtorrent",
        "lua"
      ],
      "url": "https://github.com/trim21/rtorrent-upstream/archive/6c2dd82031a64ee82ab7da2d74072f04af51c82c.tar.gz",
      "version": "6c2dd82031a6"
    },
    "rtorrent-libtorrent": {
      "url": "https://github.com/rakshasa/libtorrent/archive/caf8b5c01ca932be91122977ec9ea1ac4be5a7a5.tar.gz",
      "version": "caf8b5c01ca9"
    },
    "zlib": {
      "url": "https://github.com/zlib-ng/zlib-ng/archive/refs/tags/2.3.3.tar.gz",
      "version": "2.3.3"
    }
  },
  "target_glibc": "2.28",
  "toolchain": "default"
}
