{
  "executable_package": "rtorrent",
  "manifest_hash": "59af04cd06f16536d6b979561e796649b746eab56c52974101fa953972706bcc",
  "packages": {
    "brotli": {
      "url": "https://github.com/google/brotli/archive/refs/tags/v1.2.0.tar.gz",
      "version": "1.2.0"
    },
    "cares": {
      "url": "https://github.com/c-ares/c-ares/archive/refs/tags/v1.34.6.tar.gz",
      "version": "1.34.6"
    },
    "curl": {
      "url": "https://github.com/curl/curl/archive/refs/tags/curl-8_20_0.tar.gz",
      "version": "8.20.0"
    },
    "libidn2": {
      "url": "https://ftp.gnu.org/gnu/libidn/libidn2-2.3.8.tar.gz",
      "version": "2.3.8"
    },
    "libunistring": {
      "url": "https://ftp.gnu.org/gnu/libunistring/libunistring-1.4.tar.gz",
      "version": "1.4"
    },
    "lua": {
      "url": "https://www.lua.org/ftp/lua-5.4.8.tar.gz",
      "version": "5.4.8"
    },
    "nghttp2": {
      "url": "https://github.com/nghttp2/nghttp2/archive/refs/tags/v1.69.0.tar.gz",
      "version": "1.69.0"
    },
    "openssl": {
      "url": "https://github.com/openssl/openssl/archive/refs/tags/openssl-3.6.2.tar.gz",
      "version": "3.6.2"
    },
    "rtorrent": {
      "requires": [
        "rtorrent-libtorrent",
        "lua"
      ],
      "url": "https://github.com/trim21/rtorrent-upstream/archive/d228d776b3c62c5492a467aa756fd1f3b7f4b3fb.tar.gz",
      "version": "d228d776b3c6"
    },
    "rtorrent-libtorrent": {
      "requires": [
        "openssl",
        "zlib",
        "curl"
      ],
      "url": "https://github.com/trim21/libtorrent/archive/887025928eb10e10584f907658d5441d287c3d7f.tar.gz",
      "version": "887025928eb1"
    },
    "zlib": {
      "url": "https://github.com/zlib-ng/zlib-ng/archive/refs/tags/2.3.3.tar.gz",
      "version": "2.3.3"
    },
    "zstd": {
      "url": "https://github.com/facebook/zstd/archive/refs/tags/v1.5.7.tar.gz",
      "version": "1.5.7"
    }
  },
  "target_glibc": "2.28",
  "toolchain": "default"
}
