{
  "manifest_hash": "5b2dac8800d92c37ebba09d4e73d225249db898e54707b7c753e539e1d44c704",
  "packages": {
    "brotli": {
      "url": "https://github.com/google/brotli/archive/refs/tags/v1.2.0.tar.gz",
      "version": "1.2.0"
    },
    "cares": {
      "url": "https://github.com/c-ares/c-ares/archive/refs/tags/v1.34.6.tar.gz",
      "version": "1.34.6"
    },
    "curl": {
      "url": "https://github.com/curl/curl/releases/download/curl-7_88_1/curl-7.88.1.tar.gz",
      "version": "7.88.1"
    },
    "lua": {
      "url": "https://www.lua.org/ftp/lua-5.4.8.tar.gz",
      "version": "5.4.8"
    },
    "ncurses": {
      "url": "https://ftp.gnu.org/pub/gnu/ncurses/ncurses-6.6.tar.gz",
      "version": "6.6"
    },
    "openssl": {
      "url": "https://www.openssl.org/source/openssl-1.1.1w.tar.gz",
      "version": "1.1.1w"
    },
    "rtorrent": {
      "cxx_std": "c++14",
      "url": "https://github.com/rakshasa/rtorrent/archive/refs/tags/v0.9.8.tar.gz",
      "version": "0.9.8"
    },
    "rtorrent-libtorrent": {
      "cxx_std": "c++14",
      "url": "https://github.com/rakshasa/rtorrent/releases/download/v0.9.8/libtorrent-0.13.8.tar.gz",
      "version": "0.13.8"
    },
    "zlib": {
      "url": "https://github.com/zlib-ng/zlib-ng/archive/refs/tags/2.3.3.tar.gz",
      "version": "2.3.3"
    },
    "zstd": {
      "url": "https://github.com/facebook/zstd/archive/refs/tags/v1.5.7.tar.gz",
      "version": "1.5.7"
    }
  },
  "target_glibc": "2.17",
  "toolchain": "default"
}
