version = 1
revision = 3
requires-python = ">=3.12"

[[package]]
name = "cmake"
version = "3.31.10"
source = { registry = "https://pypi.org/simple" }
sdist = { url = "https://files.pythonhosted.org/packages/37/7b/fbadb3f4fe90ad6ef57f9f5f9e4f721af8e86376fbdf11da2c6ed099830e/cmake-3.31.10.tar.gz", hash = "sha256:ec3d14a0e72e401b3665034dc37901df17f0b4e9c5b163be6cfedfb93470ac0f", size = 34499, upload-time = "2025-11-20T17:07:54.664Z" }
wheels = [
    { url = "https://files.pythonhosted.org/packages/99/3b/6ed408a99709808df4014bead522e075f0e8d1100e6d886eb5bc30fee04e/cmake-3.31.10-py3-none-macosx_10_10_universal2.whl", hash = "sha256:ad697643a00d9ba85179590a383c4f7401169b55ebf4b8b2938daf28c6bdeb6d", size = 48001731, upload-time = "2025-11-20T17:06:57.473Z" },
    { url = "https://files.pythonhosted.org/packages/ad/59/acc2f79180d8aaf55b707ee65b5296ae76a3295ebff9e65d840849b6abc0/cmake-3.31.10-py3-none-manylinux_2_12_i686.manylinux2010_i686.whl", hash = "sha256:7c300e4ae68fbc1414a85505f7feb262cee82ff3304a286885ebf803b11a997c", size = 27579802, upload-time = "2025-11-20T17:07:00.676Z" },
    { url = "https://files.pythonhosted.org/packages/cc/0a/2f17b5cc0d3ac1ce2324364c044d170d06167f8d6b7464ee76857114d95e/cmake-3.31.10-py3-none-manylinux_2_12_x86_64.manylinux2010_x86_64.whl", hash = "sha256:3c17bb24dba15f8ecc3fd706afe04264410ef88796f4115c119327c961d5dc57", size = 26832178, upload-time = "2025-11-20T17:07:03.475Z" },
    { url = "https://files.pythonhosted.org/packages/b1/6c/d629c3b6a30105f5946e754b42d6ce84be36c190cc70b70fb2eb8a0ffc37/cmake-3.31.10-py3-none-manylinux_2_17_aarch64.manylinux2014_aarch64.whl", hash = "sha256:a4a5615f31f692c9b9aa8b365704e4b76172348af6fa40e16fea3f118bb01194", size = 27165148, upload-time = "2025-11-20T17:07:06.895Z" },
    { url = "https://files.pythonhosted.org/packages/9b/d8/9842811ec5615598003499e2d38062d42651a20d022f93f9a590807d76b3/cmake-3.31.10-py3-none-manylinux_2_17_i686.manylinux2014_i686.whl", hash = "sha256:8d2ec5fc45d305227020c82213140a51a0cebe3c84f0299036f05716b3a52f60", size = 28889720, upload-time = "2025-11-20T17:07:09.597Z" },
    { url = "https://files.pythonhosted.org/packages/01/e9/7042b018121ceaae48416d37edb9924646e3cc8bbb417374cafdf8c2fa58/cmake-3.31.10-py3-none-manylinux_2_17_ppc64le.manylinux2014_ppc64le.whl", hash = "sha256:a7864605238759a4ae8e3bd1fda2bb03978e3e37df310852662dcf53866413c8", size = 30757069, upload-time = "2025-11-20T17:07:12.537Z" },
    { url = "https://files.pythonhosted.org/packages/24/a8/4e320cd6dfae630c5d9532d822c20a095565bcb159be839919ff7ea2952f/cmake-3.31.10-py3-none-manylinux_2_17_s390x.manylinux2014_s390x.whl", hash = "sha256:1debc3a0823ce5d8d1bc17154599bbbb337c2681f93622b618bc78f46576e42a", size = 26932214, upload-time = "2025-11-20T17:07:16.075Z" },
    { url = "https://files.pythonhosted.org/packages/f4/2e/cefc60143950ca1a8dda26d4c8484e6fc406db16e7ca098ebae549de35f9/cmake-3.31.10-py3-none-manylinux_2_17_x86_64.manylinux2014_x86_64.whl", hash = "sha256:2f766bb46367e5e0559fa33184653754bce044583a06014dcaebf8e6dff8a1f1", size = 27808794, upload-time = "2025-11-20T17:07:18.974Z" },
    { url = "https://files.pythonhosted.org/packages/1f/55/3f7d68d03f116142ce1076d65898e3d31c24d72985e827bfd9c601c8bc65/cmake-3.31.10-py3-none-manylinux_2_31_armv7l.whl", hash = "sha256:91410816db3beefe2f6032d721f9978c98dc7646e9992c0325486597164fab81", size = 24986234, upload-time = "2025-11-20T17:07:21.596Z" },
    { url = "https://files.pythonhosted.org/packages/e1/2e/634e46413472be742f3f422f159c41079bdc8ffba67538228f94a166c9ee/cmake-3.31.10-py3-none-musllinux_1_1_aarch64.whl", hash = "sha256:c2e5361dea9754ed3b06cf834894fb47dcbe7036d5e5d87acaeb10ff3dd5fd10", size = 27849273, upload-time = "2025-11-20T17:07:24.369Z" },
    { url = "https://files.pythonhosted.org/packages/6f/af/fac7ee4d79b688b94b4f6a6e5c4b080dca7594342576ad88a52b02a2d4eb/cmake-3.31.10-py3-none-musllinux_1_1_i686.whl", hash = "sha256:6970bb75c4dfc28cc31ff0cd848194d09094ae00d605181e1345b2ff70b61050", size = 31391299, upload-time = "2025-11-20T17:07:27.228Z" },
    { url = "https://files.pythonhosted.org/packages/d4/14/62339280a675106227ff650166c2899fe9f822ef9b855365563e71115125/cmake-3.31.10-py3-none-musllinux_1_1_ppc64le.whl", hash = "sha256:4cefb0a28ac1268b4eed4b595bf3aaff8de9704089066027700ec36584eccab8", size = 32105563, upload-time = "2025-11-20T17:07:34.352Z" },
    { url = "https://files.pythonhosted.org/packages/ba/19/a3014beb02b344599e7a879f9c91d5e388aa76924b1369e13ffd535d613d/cmake-3.31.10-py3-none-musllinux_1_1_s390x.whl", hash = "sha256:b331984de38dbda22d676f8812c8905526341ba7b397fe8c359255ff4d051193", size = 27972718, upload-time = "2025-11-20T17:07:37.492Z" },
    { url = "https://files.pythonhosted.org/packages/b0/53/63b70d583c93352beeb692f0ec6bf4dede96f92df85c009577a663be304a/cmake-3.31.10-py3-none-musllinux_1_1_x86_64.whl", hash = "sha256:678fc23db37cc69f01e18eb28790450ecc9401fd2fcd43364cc18f92330c12c2", size = 29497491, upload-time = "2025-11-20T17:07:40.316Z" },
    { url = "https://files.pythonhosted.org/packages/fc/a3/9d3a3881e70b947abe2d779e4c37d1aa9ac7f8339354e78d6036d520a220/cmake-3.31.10-py3-none-musllinux_1_2_armv7l.whl", hash = "sha256:e135d5f1e59f1dc1c80eea87321977d6c0eff86cb601c28e0965a1dd457ea587", size = 33183971, upload-time = "2025-11-20T17:07:43.392Z" },
    { url = "https://files.pythonhosted.org/packages/06/f2/8e13be79373ef808659e52680643e0388057060e2627757b90df72c50681/cmake-3.31.10-py3-none-win32.whl", hash = "sha256:b059a1810a2ce766b3e531bdc8d730bc192e260a9fa7dec7a0eb7a053d6063c7", size = 33416497, upload-time = "2025-11-20T17:07:46.467Z" },
    { url = "https://files.pythonhosted.org/packages/84/4b/e433ab430c580ec8e3d54cb2ec5c7ea76ae0b1e6ef2c2998c854f21d7780/cmake-3.31.10-py3-none-win_amd64.whl", hash = "sha256:f1ea1fe826355560e8976c3d5794d9357444209bc0e0d56676c71e6a571fd474", size = 36630429, upload-time = "2025-11-20T17:07:49.445Z" },
    { url = "https://files.pythonhosted.org/packages/9f/c3/4eb3288ccd779556fee4b7b0955bdb14545bbae83f85f7c819dde8013708/cmake-3.31.10-py3-none-win_arm64.whl", hash = "sha256:422a54711aa977af19d59b8f6010354cdda0b72a2e6d702b6d892e3e2cdf98a2", size = 35457178, upload-time = "2025-11-20T17:07:52.367Z" },
]

[[package]]
name = "colorama"
version = "0.4.6"
source = { registry = "https://pypi.org/simple" }
sdist = { url = "https://files.pythonhosted.org/packages/d8/53/6f443c9a4a8358a93a6792e2acffb9d9d5cb0a5cfd8802644b7b1c9a02e4/colorama-0.4.6.tar.gz", hash = "sha256:08695f5cb7ed6e0531a20572697297273c47b8cae5a63ffc6d6ed5c201be6e44", size = 27697, upload-time = "2022-10-25T02:36:22.414Z" }
wheels = [
    { url = "https://files.pythonhosted.org/packages/d1/d6/3965ed04c63042e047cb6a3e6ed1a63a35087b6a609aa3a15ed8ac56c221/colorama-0.4.6-py2.py3-none-any.whl", hash = "sha256:4f1d9991f5acc0ca119f9d443620b77f9d6b33703e51011c16baf57afb285fc6", size = 25335, upload-time = "2022-10-25T02:36:20.889Z" },
]

[[package]]
name = "default-toolchain"
version = "0.1.0"
source = { virtual = "." }
dependencies = [
    { name = "cmake" },
    { name = "meson" },
    { name = "ninja" },
    { name = "patchelf" },
    { name = "pkgconf" },
    { name = "ziglang" },
]

[package.metadata]
requires-dist = [
    { name = "cmake", specifier = "<4" },
    { name = "meson", specifier = ">=1,<2" },
    { name = "ninja", specifier = ">=1,<2" },
    { name = "patchelf", specifier = ">=0.17,<1" },
    { name = "pkgconf", specifier = ">=3,<4" },
    { name = "ziglang", specifier = "==0.16.0" },
]

[[package]]
name = "meson"
version = "1.11.2"
source = { registry = "https://pypi.org/simple" }
sdist = { url = "https://files.pythonhosted.org/packages/06/ce/c4d3d849d5cf8d9193b075acf435fb5dc0f4bdab35a3486f1204fd8265a7/meson-1.11.2.tar.gz", hash = "sha256:698feae069cef3ecd4d7aaf281d7df359bdfcf555a9a1564383d3b913fa8a736", size = 2463316, upload-time = "2026-07-11T07:19:44.863Z" }
wheels = [
    { url = "https://files.pythonhosted.org/packages/1d/c5/680527bdddf039807f22041882678b7f21d3380b4cdbc46abf2f24e2db6c/meson-1.11.2-py3-none-any.whl", hash = "sha256:7e4f6e83fec83e3eaac928e058b073c7557b282c35b6a2024cea143a39926a39", size = 1078911, upload-time = "2026-07-11T07:19:40.636Z" },
]

[[package]]
name = "ninja"
version = "1.13.0"
source = { registry = "https://pypi.org/simple" }
sdist = { url = "https://files.pythonhosted.org/packages/43/73/79a0b22fc731989c708068427579e840a6cf4e937fe7ae5c5d0b7356ac22/ninja-1.13.0.tar.gz", hash = "sha256:4a40ce995ded54d9dc24f8ea37ff3bf62ad192b547f6c7126e7e25045e76f978", size = 242558, upload-time = "2025-08-11T15:10:19.421Z" }
wheels = [
    { url = "https://files.pythonhosted.org/packages/3c/74/d02409ed2aa865e051b7edda22ad416a39d81a84980f544f8de717cab133/ninja-1.13.0-py3-none-macosx_10_9_universal2.whl", hash = "sha256:fa2a8bfc62e31b08f83127d1613d10821775a0eb334197154c4d6067b7068ff1", size = 310125, upload-time = "2025-08-11T15:09:50.971Z" },
    { url = "https://files.pythonhosted.org/packages/8e/de/6e1cd6b84b412ac1ef327b76f0641aeb5dcc01e9d3f9eee0286d0c34fd93/ninja-1.13.0-py3-none-manylinux2014_aarch64.manylinux_2_17_aarch64.whl", hash = "sha256:3d00c692fb717fd511abeb44b8c5d00340c36938c12d6538ba989fe764e79630", size = 177467, upload-time = "2025-08-11T15:09:52.767Z" },
    { url = "https://files.pythonhosted.org/packages/c8/83/49320fb6e58ae3c079381e333575fdbcf1cca3506ee160a2dcce775046fa/ninja-1.13.0-py3-none-manylinux2014_i686.manylinux_2_17_i686.whl", hash = "sha256:be7f478ff9f96a128b599a964fc60a6a87b9fa332ee1bd44fa243ac88d50291c", size = 187834, upload-time = "2025-08-11T15:09:54.115Z" },
    { url = "https://files.pythonhosted.org/packages/56/c7/ba22748fb59f7f896b609cd3e568d28a0a367a6d953c24c461fe04fc4433/ninja-1.13.0-py3-none-manylinux2014_ppc64le.manylinux_2_17_ppc64le.whl", hash = "sha256:60056592cf495e9a6a4bea3cd178903056ecb0943e4de45a2ea825edb6dc8d3e", size = 202736, upload-time = "2025-08-11T15:09:55.745Z" },
    { url = "https://files.pythonhosted.org/packages/79/22/d1de07632b78ac8e6b785f41fa9aad7a978ec8c0a1bf15772def36d77aac/ninja-1.13.0-py3-none-manylinux2014_s390x.manylinux_2_17_s390x.whl", hash = "sha256:1c97223cdda0417f414bf864cfb73b72d8777e57ebb279c5f6de368de0062988", size = 179034, upload-time = "2025-08-11T15:09:57.394Z" },
    { url = "https://files.pythonhosted.org/packages/ed/de/0e6edf44d6a04dabd0318a519125ed0415ce437ad5a1ec9b9be03d9048cf/ninja-1.13.0-py3-none-manylinux2014_x86_64.manylinux_2_17_x86_64.whl", hash = "sha256:fb46acf6b93b8dd0322adc3a4945452a4e774b75b91293bafcc7b7f8e6517dfa", size = 180716, upload-time = "2025-08-11T15:09:58.696Z" },
    { url = "https://files.pythonhosted.org/packages/54/28/938b562f9057aaa4d6bfbeaa05e81899a47aebb3ba6751e36c027a7f5ff7/ninja-1.13.0-py3-none-manylinux_2_28_armv7l.manylinux_2_31_armv7l.whl", hash = "sha256:4be9c1b082d244b1ad7ef41eb8ab088aae8c109a9f3f0b3e56a252d3e00f42c1", size = 146843, upload-time = "2025-08-11T15:10:00.046Z" },
    { url = "https://files.pythonhosted.org/packages/2a/fb/d06a3838de4f8ab866e44ee52a797b5491df823901c54943b2adb0389fbb/ninja-1.13.0-py3-none-manylinux_2_31_riscv64.whl", hash = "sha256:6739d3352073341ad284246f81339a384eec091d9851a886dfa5b00a6d48b3e2", size = 154402, upload-time = "2025-08-11T15:10:01.657Z" },
    { url = "https://files.pythonhosted.org/packages/31/bf/0d7808af695ceddc763cf251b84a9892cd7f51622dc8b4c89d5012779f06/ninja-1.13.0-py3-none-musllinux_1_2_aarch64.whl", hash = "sha256:11be2d22027bde06f14c343f01d31446747dbb51e72d00decca2eb99be911e2f", size = 552388, upload-time = "2025-08-11T15:10:03.349Z" },
    { url = "https://files.pythonhosted.org/packages/9d/70/c99d0c2c809f992752453cce312848abb3b1607e56d4cd1b6cded317351a/ninja-1.13.0-py3-none-musllinux_1_2_armv7l.whl", hash = "sha256:aa45b4037b313c2f698bc13306239b8b93b4680eb47e287773156ac9e9304714", size = 472501, upload-time = "2025-08-11T15:10:04.735Z" },
    { url = "https://files.pythonhosted.org/packages/9f/43/c217b1153f0e499652f5e0766da8523ce3480f0a951039c7af115e224d55/ninja-1.13.0-py3-none-musllinux_1_2_i686.whl", hash = "sha256:5f8e1e8a1a30835eeb51db05cf5a67151ad37542f5a4af2a438e9490915e5b72", size = 638280, upload-time = "2025-08-11T15:10:06.512Z" },
    { url = "https://files.pythonhosted.org/packages/8c/45/9151bba2c8d0ae2b6260f71696330590de5850e5574b7b5694dce6023e20/ninja-1.13.0-py3-none-musllinux_1_2_ppc64le.whl", hash = "sha256:3d7d7779d12cb20c6d054c61b702139fd23a7a964ec8f2c823f1ab1b084150db", size = 642420, upload-time = "2025-08-11T15:10:08.35Z" },
    { url = "https://files.pythonhosted.org/packages/3c/fb/95752eb635bb8ad27d101d71bef15bc63049de23f299e312878fc21cb2da/ninja-1.13.0-py3-none-musllinux_1_2_riscv64.whl", hash = "sha256:d741a5e6754e0bda767e3274a0f0deeef4807f1fec6c0d7921a0244018926ae5", size = 585106, upload-time = "2025-08-11T15:10:09.818Z" },
    { url = "https://files.pythonhosted.org/packages/c1/31/aa56a1a286703800c0cbe39fb4e82811c277772dc8cd084f442dd8e2938a/ninja-1.13.0-py3-none-musllinux_1_2_s390x.whl", hash = "sha256:e8bad11f8a00b64137e9b315b137d8bb6cbf3086fbdc43bf1f90fd33324d2e96", size = 707138, upload-time = "2025-08-11T15:10:11.366Z" },
    { url = "https://files.pythonhosted.org/packages/34/6f/5f5a54a1041af945130abdb2b8529cbef0cdcbbf9bcf3f4195378319d29a/ninja-1.13.0-py3-none-musllinux_1_2_x86_64.whl", hash = "sha256:b4f2a072db3c0f944c32793e91532d8948d20d9ab83da9c0c7c15b5768072200", size = 581758, upload-time = "2025-08-11T15:10:13.295Z" },
    { url = "https://files.pythonhosted.org/packages/95/97/51359c77527d45943fe7a94d00a3843b81162e6c4244b3579fe8fc54cb9c/ninja-1.13.0-py3-none-win32.whl", hash = "sha256:8cfbb80b4a53456ae8a39f90ae3d7a2129f45ea164f43fadfa15dc38c4aef1c9", size = 267201, upload-time = "2025-08-11T15:10:15.158Z" },
    { url = "https://files.pythonhosted.org/packages/29/45/c0adfbfb0b5895aa18cec400c535b4f7ff3e52536e0403602fc1a23f7de9/ninja-1.13.0-py3-none-win_amd64.whl", hash = "sha256:fb8ee8719f8af47fed145cced4a85f0755dd55d45b2bddaf7431fa89803c5f3e", size = 309975, upload-time = "2025-08-11T15:10:16.697Z" },
    { url = "https://files.pythonhosted.org/packages/df/93/a7b983643d1253bb223234b5b226e69de6cda02b76cdca7770f684b795f5/ninja-1.13.0-py3-none-win_arm64.whl", hash = "sha256:3c0b40b1f0bba764644385319028650087b4c1b18cdfa6f45cb39a3669b81aa9", size = 290806, upload-time = "2025-08-11T15:10:18.018Z" },
]

[[package]]
name = "patchelf"
version = "0.17.2.4"
source = { registry = "https://pypi.org/simple" }
sdist = { url = "https://files.pythonhosted.org/packages/2c/a3/fdd3fa938c864aa2f11dd0b7f08befeda983d2dcdee44da493c6977a653f/patchelf-0.17.2.4.tar.gz", hash = "sha256:970ee5cd8af33e5ea2099510b2f9013fa1b8d5cd763bf3fd3961281c18101a09", size = 149629, upload-time = "2025-07-23T21:16:32.071Z" }
wheels = [
    { url = "https://files.pythonhosted.org/packages/b1/a7/8c4f86c78ec03db954d05fd9c57a114cc3a172a2d3e4a8b949cd5ff89471/patchelf-0.17.2.4-py3-none-macosx_10_9_universal2.whl", hash = "sha256:343bb1b94e959f9070ca9607453b04390e36bbaa33c88640b989cefad0aa049e", size = 184436, upload-time = "2025-07-23T21:16:20.578Z" },
    { url = "https://files.pythonhosted.org/packages/0b/6d/2e9f5483cdb352fab36b8076667b062b2d79cb09d2e3fd09b6fca5771cb6/patchelf-0.17.2.4-py3-none-manylinux1_i686.manylinux_2_5_i686.musllinux_1_1_i686.whl", hash = "sha256:09fd848d625a165fc7b7e07745508c24077129b019c4415a882938781d43adf8", size = 547318, upload-time = "2025-07-23T21:16:22.135Z" },
    { url = "https://files.pythonhosted.org/packages/7e/19/f7821ef31aab01fa7dc8ebe697ece88ec4f7a0fdd3155dab2dfee4b00e5c/patchelf-0.17.2.4-py3-none-manylinux1_x86_64.manylinux_2_5_x86_64.musllinux_1_1_x86_64.whl", hash = "sha256:d9b35ebfada70c02679ad036407d9724ffe1255122ba4ac5e4be5868618a5689", size = 482846, upload-time = "2025-07-23T21:16:23.73Z" },
    { url = "https://files.pythonhosted.org/packages/d1/50/107fea848ecfd851d473b079cab79107487d72c4c3cdb25b9d2603a24ca2/patchelf-0.17.2.4-py3-none-manylinux2014_aarch64.manylinux_2_17_aarch64.musllinux_1_1_aarch64.whl", hash = "sha256:2931a1b5b85f3549661898af7bf746afbda7903c7c9a967cfc998a3563f84fad", size = 477811, upload-time = "2025-07-23T21:16:25.145Z" },
    { url = "https://files.pythonhosted.org/packages/89/a9/a9a2103e159fd65bffbc21ecc5c8c36e44eb34fe53b4ef85fb6d08c2a635/patchelf-0.17.2.4-py3-none-manylinux2014_armv7l.manylinux_2_17_armv7l.musllinux_1_1_armv7l.whl", hash = "sha256:ae44cb3c857d50f54b99e5697aa978726ada33a8a6129d4b8b7ffd28b996652d", size = 431226, upload-time = "2025-07-23T21:16:26.765Z" },
    { url = "https://files.pythonhosted.org/packages/87/93/897d612f6df7cfd987bdf668425127efeff8d8e4ad8bfbab1c69d2a0d861/patchelf-0.17.2.4-py3-none-manylinux2014_ppc64le.manylinux_2_17_ppc64le.musllinux_1_1_ppc64le.whl", hash = "sha256:680a266a70f60a7a4f4c448482c5bdba80cc8e6bb155a49dcc24238ba49927b0", size = 540276, upload-time = "2025-07-23T21:16:27.983Z" },
    { url = "https://files.pythonhosted.org/packages/5d/b8/2b92d11533482bac9ee989081d6880845287751b5f528adbd6bb27667fbd/patchelf-0.17.2.4-py3-none-manylinux2014_s390x.manylinux_2_17_s390x.musllinux_1_1_s390x.whl", hash = "sha256:d842b51f0401460f3b1f3a3a67d2c266a8f515a5adfbfa6e7b656cb3ac2ed8bc", size = 596632, upload-time = "2025-07-23T21:16:29.253Z" },
    { url = "https://files.pythonhosted.org/packages/14/e2/975d4bdb418f942b53e6187b95bd9e0d5e0488b7bc214685a1e43e2c2751/patchelf-0.17.2.4-py3-none-manylinux_2_31_riscv64.musllinux_1_1_riscv64.whl", hash = "sha256:7076d9e127230982e20a81a6e2358d3343004667ba510d9f822d4fdee29b0d71", size = 508281, upload-time = "2025-07-23T21:16:30.865Z" },
]

[[package]]
name = "pkgconf"
version = "3.0.1.post0"
source = { registry = "https://pypi.org/simple" }
dependencies = [
    { name = "colorama", marker = "os_name == 'nt'" },
]
sdist = { url = "https://files.pythonhosted.org/packages/c9/4c/ec8bcd8b1705fa5294760ec9f54e7c88a1e75d66b41e0ff405f74a4fd4f4/pkgconf-3.0.1.post0.tar.gz", hash = "sha256:abaa859ea40b4bffb455d59a5836f92c1a8d234e071110b7bd0aeee8d447a3cc", size = 276446, upload-time = "2026-07-13T04:50:02.507Z" }
wheels = [
    { url = "https://files.pythonhosted.org/packages/77/c1/0ae827aa9e3860469ce0ee878dc41f46b56abde426b672088606ec4a7b49/pkgconf-3.0.1.post0-py3-none-macosx_10_9_x86_64.whl", hash = "sha256:34e6418071006b94abc867e08d462c540106fab44b85ecec411a67536bee708b", size = 63175, upload-time = "2026-07-13T04:49:44.257Z" },
    { url = "https://files.pythonhosted.org/packages/9f/9d/ee5f87b848cfd1cca79b67856d05ea4e5389460d640d1219db6737adaa98/pkgconf-3.0.1.post0-py3-none-macosx_11_0_arm64.whl", hash = "sha256:c4a12b0035b7273ad330bd36ebe421c2ce9c68f37487c857b49fbdf42a6e1579", size = 60874, upload-time = "2026-07-13T04:49:45.476Z" },
    { url = "https://files.pythonhosted.org/packages/3e/34/28b612d38ff13b60e1a6a7c6eee8ea7f547f304b5e187876ae76aaa7990e/pkgconf-3.0.1.post0-py3-none-manylinux1_i686.manylinux2014_i686.manylinux_2_17_i686.manylinux_2_5_i686.whl", hash = "sha256:1fa6dbf5f78952c63267959bc4a4ac6e99e19d6803431f77f307279da07d1926", size = 77912, upload-time = "2026-07-13T04:49:46.596Z" },
    { url = "https://files.pythonhosted.org/packages/86/cc/a7bd5eea1fcb87354bec17d77d9bcb70df9474cf3275e6bc2a324c467b41/pkgconf-3.0.1.post0-py3-none-manylinux2014_aarch64.manylinux_2_17_aarch64.manylinux_2_28_aarch64.whl", hash = "sha256:19590d6bb9da6d78828c1bd2e1755dbc63011c65ab4065f2109d0f74549e18a9", size = 77258, upload-time = "2026-07-13T04:49:47.699Z" },
    { url = "https://files.pythonhosted.org/packages/68/75/169245a8a05f931c7b55e8319372f08cdc56e91e92fa3cc33c359e2ab8fb/pkgconf-3.0.1.post0-py3-none-manylinux2014_ppc64le.manylinux_2_17_ppc64le.manylinux_2_28_ppc64le.whl", hash = "sha256:63abf1fc141e9425505257e04d464b2e65fe54f78fa135cd7c77c7ff30e6f5a9", size = 90065, upload-time = "2026-07-13T04:49:48.851Z" },
    { url = "https://files.pythonhosted.org/packages/4a/a4/cf35e67a78f60028c80f3506748d493ea0e6fa9ef12e6db2e053f614c641/pkgconf-3.0.1.post0-py3-none-manylinux2014_s390x.manylinux_2_17_s390x.manylinux_2_28_s390x.whl", hash = "sha256:267d91b602e298ab5b9d90784421cc7b920a8bed388b2100eb95170f8d1abd4e", size = 78571, upload-time = "2026-07-13T04:49:49.866Z" },
    { url = "https://files.pythonhosted.org/packages/2c/82/36356bd30ef13ea767c53a4be7c508621e77c2d52e60b48929710de07230/pkgconf-3.0.1.post0-py3-none-manylinux2014_x86_64.manylinux_2_17_x86_64.manylinux_2_28_x86_64.whl", hash = "sha256:ff5a7fe9b4248396023938ef14b344e9fb47d24882ebab1ffa926b62f0a10ebd", size = 77329, upload-time = "2026-07-13T04:49:51.009Z" },
    { url = "https://files.pythonhosted.org/packages/ba/6f/d5163e84c4edb5015a95aca84668e54104ab55a72368c765b553b3751f29/pkgconf-3.0.1.post0-py3-none-manylinux_2_27_armv7l.manylinux_2_31_armv7l.whl", hash = "sha256:0d69f67cee5b5939087e51f6418dbc5dc8557de6cb3bbc3f7d8b8b4c22d690db", size = 65846, upload-time = "2026-07-13T04:49:52.006Z" },
    { url = "https://files.pythonhosted.org/packages/a3/dc/e72e9d0a41943fcda96cf30b2e9a9e37ea1cba269a50697a17b30808c28a/pkgconf-3.0.1.post0-py3-none-musllinux_1_2_aarch64.whl", hash = "sha256:b479f574d08339e6df2a7e5c629f8cb4b15e1ce1c5c03de8ee08768de60cbc9f", size = 79520, upload-time = "2026-07-13T04:49:52.998Z" },
    { url = "https://files.pythonhosted.org/packages/2e/8b/6914e144c6f80bde44d795541d3718aecf5efefc032897c01fee458d20bb/pkgconf-3.0.1.post0-py3-none-musllinux_1_2_armv7l.whl", hash = "sha256:99309014f4d740ecc34b39deb022ca1942ab6c64d5821052e6ec10cf05f8cc29", size = 69654, upload-time = "2026-07-13T04:49:53.987Z" },
    { url = "https://files.pythonhosted.org/packages/14/37/c3d4e871aed5977ed2feea2900d625a0d8fbf295cdc2e4d5f6e9d631bf3e/pkgconf-3.0.1.post0-py3-none-musllinux_1_2_i686.whl", hash = "sha256:3587f78620d6cc49d27f59c76681febb900958e9ae0f4bd21a0a939a0adf18cc", size = 85578, upload-time = "2026-07-13T04:49:55.025Z" },
    { url = "https://files.pythonhosted.org/packages/cf/70/7f591a056a74e3e070083a9c8c1e42141fa742732fb14225dd942361c033/pkgconf-3.0.1.post0-py3-none-musllinux_1_2_ppc64le.whl", hash = "sha256:66dca13fb652f0ade6a5925bd5967499793b3d137cc17ea10906d7cd4d4af457", size = 91824, upload-time = "2026-07-13T04:49:56.203Z" },
    { url = "https://files.pythonhosted.org/packages/bd/70/0c3c61a77fb05b6882bd0e9746f7ad9c694c417fabcb6f67ee465eaafb1b/pkgconf-3.0.1.post0-py3-none-musllinux_1_2_s390x.whl", hash = "sha256:749d76c1ef8169c59cdcb74a89131722ab39738e74f29e079bdf759a06831f4d", size = 79104, upload-time = "2026-07-13T04:49:57.324Z" },
    { url = "https://files.pythonhosted.org/packages/6d/88/6b50583fc3660ff04c768ef0ae981a3befa374d7946a6d3220a3147aede0/pkgconf-3.0.1.post0-py3-none-musllinux_1_2_x86_64.whl", hash = "sha256:42befae5de2114de2e0faae05568b29d40606d1ba3791d0b24b875e2fce7927f", size = 79228, upload-time = "2026-07-13T04:49:58.298Z" },
    { url = "https://files.pythonhosted.org/packages/d5/59/ac8d9d791358c552d8a2e09b37da188df4f9463a06da992437c679e5361f/pkgconf-3.0.1.post0-py3-none-win32.whl", hash = "sha256:f6a58e46f0553ad5c35e4127a4b9ce084e002c1688ada9aed769da3d1b37de99", size = 62087, upload-time = "2026-07-13T04:49:59.322Z" },
    { url = "https://files.pythonhosted.org/packages/ca/ef/bbc9729ef600245edd84b0970eadbdf063cdf5e5d988136c80c88c58cab9/pkgconf-3.0.1.post0-py3-none-win_amd64.whl", hash = "sha256:5c38b651f49a32fb117aaaca5951853452aed3834d3b7126135c831d92e055da", size = 62087, upload-time = "2026-07-13T04:50:00.344Z" },
    { url = "https://files.pythonhosted.org/packages/9c/d8/94213a62828e29fe7d8c662cf2b722263e1e46100c6c10d944a0ab5332d0/pkgconf-3.0.1.post0-py3-none-win_arm64.whl", hash = "sha256:d625e6db266484f64c1fb5961519ab776ba10fd740630f1fa75765dc38f8ee92", size = 58253, upload-time = "2026-07-13T04:50:01.452Z" },
]

[[package]]
name = "ziglang"
version = "0.16.0"
source = { registry = "https://pypi.org/simple" }
wheels = [
    { url = "https://files.pythonhosted.org/packages/cd/59/012f0c2800f7428b87bb16c5c78db7ef806efed274491998155955c02558/ziglang-0.16.0-py3-none-macosx_12_0_arm64.whl", hash = "sha256:b61e5413c49508d9d62e5dcea543e3af491594154d74a00ff52f84ed508260cc", size = 97252633, upload-time = "2026-04-15T03:55:02.488Z" },
    { url = "https://files.pythonhosted.org/packages/75/60/f924aa24b95a1ad347e845acc7ab6b5d062ae5b0b540d494654cd40d4e0b/ziglang-0.16.0-py3-none-macosx_12_0_x86_64.whl", hash = "sha256:18e14f6b25678d7b7c65708c82501ee6090fe39ed5c783477d56267af1fa5629", size = 101228024, upload-time = "2026-04-15T03:55:12.268Z" },
    { url = "https://files.pythonhosted.org/packages/cd/aa/7966d158d768fb0e40bf5fef6e7ffe230dfee502382782ec39be1331ee4a/ziglang-0.16.0-py3-none-manylinux_2_12_i686.manylinux2010_i686.musllinux_1_1_i686.whl", hash = "sha256:8b83661247430aa335b3cbc29569084900412dde5633b02c80a6d2ff734de3d2", size = 101810276, upload-time = "2026-04-15T03:55:17.843Z" },
    { url = "https://files.pythonhosted.org/packages/3e/ed/7b79023aa27ceb5d461ecf761181e7c33c57bbc1a6256a39535d1c7083d2/ziglang-0.16.0-py3-none-manylinux_2_12_x86_64.manylinux2010_x86_64.musllinux_1_1_x86_64.whl", hash = "sha256:9fcda73f62b851dd72a54b710ad40a209896db14cfb13649e62191243556342b", size = 97941847, upload-time = "2026-04-15T03:55:23.246Z" },
    { url = "https://files.pythonhosted.org/packages/7e/ed/d6663a5e52c504944d578b9e0bfcb7857f292803bcd09ebe0d10fe2b293d/ziglang-0.16.0-py3-none-manylinux_2_17_aarch64.manylinux2014_aarch64.musllinux_1_1_aarch64.whl", hash = "sha256:e27d409812b11e0fb89ed0200cf2e55b6464d43f9461553104e4a4f9a94a1fd5", size = 95008112, upload-time = "2026-04-15T03:55:32.025Z" },
    { url = "https://files.pythonhosted.org/packages/07/e4/beae76926e3070978d06fa156b243642d5f75ffd784f7cd64e783520e456/ziglang-0.16.0-py3-none-manylinux_2_17_armv7l.manylinux2014_armv7l.musllinux_1_1_armv7l.whl", hash = "sha256:7249779f0f916cfd2d1a9d54eb7600f3901384dc8dcbe1eea226bd32a8237fb5", size = 95860236, upload-time = "2026-04-15T03:55:37.069Z" },
    { url = "https://files.pythonhosted.org/packages/b6/fc/5cb1555281d2a998355ee7081f05f45d2f6a2789ca0fcb02015cfcb4b900/ziglang-0.16.0-py3-none-manylinux_2_17_ppc64le.manylinux2014_ppc64le.musllinux_1_1_ppc64le.whl", hash = "sha256:0fd671c599f6961638cc302cf1f9461486696385311d4c0276171dcf7d2b67f5", size = 104100995, upload-time = "2026-04-15T03:55:42.594Z" },
    { url = "https://files.pythonhosted.org/packages/4a/34/e0138d89ec47da986ac08009ae8802af052c1e335163d983c074d9eaa1c3/ziglang-0.16.0-py3-none-manylinux_2_17_s390x.manylinux2014_s390x.musllinux_1_1_s390x.whl", hash = "sha256:df0e6599e41d087c912b0d3d7cedef6c9cb1f0032465c8fc820e9986772d11e4", size = 103517876, upload-time = "2026-04-15T03:55:48.695Z" },
    { url = "https://files.pythonhosted.org/packages/fe/29/d281591fa0be47aefcb23ac379cdbff5b34a1fdaafa139a5f8703ca9559c/ziglang-0.16.0-py3-none-manylinux_2_31_riscv64.musllinux_1_1_riscv64.whl", hash = "sha256:d4bd8197344fffe276e1d6446e4ef7bc38637d821b4685fe96a936503d4b0619", size = 98388042, upload-time = "2026-04-15T03:55:54.114Z" },
    { url = "https://files.pythonhosted.org/packages/5d/f0/10a5203071af21bd649a0f97e29f70b710d6ad97b1ac1995a0bb30f51a71/ziglang-0.16.0-py3-none-win32.whl", hash = "sha256:f978c12b5337cf418034964de00023b7ec5ec484383dc97c6a6585f4a9105840", size = 100655765, upload-time = "2026-04-15T03:55:59.7Z" },
    { url = "https://files.pythonhosted.org/packages/a6/3c/baff40b3fc8ab4e83530246a52e8f3a5186c3606562712dfb58483b04f79/ziglang-0.16.0-py3-none-win_amd64.whl", hash = "sha256:089a16a4eb5a2f45151993342f8fabad24ff1a0723dc146642895c29208a3939", size = 98676957, upload-time = "2026-04-15T03:56:05.934Z" },
    { url = "https://files.pythonhosted.org/packages/f0/0b/bff28a4acc437cb7da705bffafd81fafbbd37a23144363cecc72becaef93/ziglang-0.16.0-py3-none-win_arm64.whl", hash = "sha256:e44a5271f7b72f7980017bb615823ed52e765f96b6482d93a2fd338cd53101bf", size = 94347646, upload-time = "2026-04-15T03:56:11.85Z" },
]
